
Microsoft Visual Studio Solution File, Format Version 12.00
# Visual Studio Express 2012 for Windows Phone
Project("{FAE04EC0-301F-11D3-BF4B-00C04F79EFBC}") = "Postolego", "Postolego\Postolego.csproj", "{E2EF0892-EA07-4823-8415-4C297B364029}"
EndProject
Project("{FAE04EC0-301F-11D3-BF4B-00C04F79EFBC}") = "PocketInterface", "PocketInterface\PocketInterface.csproj", "{3B611B33-97C7-4EA3-A72A-F17F5415C45A}"
EndProject
Project("{FAE04EC0-301F-11D3-BF4B-00C04F79EFBC}") = "Gestures", "Gestures\Gestures.csproj", "{EE12009D-04FE-4FCC-B870-63CB79A4156E}"
EndProject
Global
	GlobalSection(SolutionConfigurationPlatforms) = preSolution
		Debug|Any CPU = Debug|Any CPU
		Debug|ARM = Debug|ARM
		Debug|x86 = Debug|x86
		Release|Any CPU = Release|Any CPU
		Release|ARM = Release|ARM
		Release|x86 = Release|x86
	EndGlobalSection
	GlobalSection(ProjectConfigurationPlatforms) = postSolution
		{E2EF0892-EA07-4823-8415-4C297B364029}.Debug|Any CPU.ActiveCfg = Debug|Any CPU
		{E2EF0892-EA07-4823-8415-4C297B364029}.Debug|Any CPU.Build.0 = Debug|Any CPU
		{E2EF0892-EA07-4823-8415-4C297B364029}.Debug|Any CPU.Deploy.0 = Debug|Any CPU
		{E2EF0892-EA07-4823-8415-4C297B364029}.Debug|ARM.ActiveCfg = Debug|ARM
		{E2EF0892-EA07-4823-8415-4C297B364029}.Debug|ARM.Build.0 = Debug|ARM
		{E2EF0892-EA07-4823-8415-4C297B364029}.Debug|ARM.Deploy.0 = Debug|ARM
		{E2EF0892-EA07-4823-8415-4C297B364029}.Debug|x86.ActiveCfg = Debug|x86
		{E2EF0892-EA07-4823-8415-4C297B364029}.Debug|x86.Build.0 = Debug|x86
		{E2EF0892-EA07-4823-8415-4C297B364029}.Debug|x86.Deploy.0 = Debug|x86
		{E2EF0892-EA07-4823-8415-4C297B364029}.Release|Any CPU.ActiveCfg = Release|Any CPU
		{E2EF0892-EA07-4823-8415-4C297B364029}.Release|Any CPU.Build.0 = Release|Any CPU
		{E2EF0892-EA07-4823-8415-4C297B364029}.Release|Any CPU.Deploy.0 = Release|Any CPU
		{E2EF0892-EA07-4823-8415-4C297B364029}.Release|ARM.ActiveCfg = Release|ARM
		{E2EF0892-EA07-4823-8415-4C297B364029}.Release|ARM.Build.0 = Release|ARM
		{E2EF0892-EA07-4823-8415-4C297B364029}.Release|ARM.Deploy.0 = Release|ARM
		{E2EF0892-EA07-4823-8415-4C297B364029}.Release|x86.ActiveCfg = Release|x86
		{E2EF0892-EA07-4823-8415-4C297B364029}.Release|x86.Build.0 = Release|x86
		{E2EF0892-EA07-4823-8415-4C297B364029}.Release|x86.Deploy.0 = Release|x86
		{3B611B33-97C7-4EA3-A72A-F17F5415C45A}.Debug|Any CPU.ActiveCfg = Debug|Any CPU
		{3B611B33-97C7-4EA3-A72A-F17F5415C45A}.Debug|Any CPU.Build.0 = Debug|Any CPU
		{3B611B33-97C7-4EA3-A72A-F17F5415C45A}.Debug|ARM.ActiveCfg = Debug|ARM
		{3B611B33-97C7-4EA3-A72A-F17F5415C45A}.Debug|ARM.Build.0 = Debug|ARM
		{3B611B33-97C7-4EA3-A72A-F17F5415C45A}.Debug|x86.ActiveCfg = Debug|x86
		{3B611B33-97C7-4EA3-A72A-F17F5415C45A}.Debug|x86.Build.0 = Debug|x86
		{3B611B33-97C7-4EA3-A72A-F17F5415C45A}.Release|Any CPU.ActiveCfg = Release|Any CPU
		{3B611B33-97C7-4EA3-A72A-F17F5415C45A}.Release|Any CPU.Build.0 = Release|Any CPU
		{3B611B33-97C7-4EA3-A72A-F17F5415C45A}.Release|ARM.ActiveCfg = Release|ARM
		{3B611B33-97C7-4EA3-A72A-F17F5415C45A}.Release|ARM.Build.0 = Release|ARM
		{3B611B33-97C7-4EA3-A72A-F17F5415C45A}.Release|x86.ActiveCfg = Release|x86
		{3B611B33-97C7-4EA3-A72A-F17F5415C45A}.Release|x86.Build.0 = Release|x86
		{EE12009D-04FE-4FCC-B870-63CB79A4156E}.Debug|Any CPU.ActiveCfg = Debug|Any CPU
		{EE12009D-04FE-4FCC-B870-63CB79A4156E}.Debug|Any CPU.Build.0 = Debug|Any CPU
		{EE12009D-04FE-4FCC-B870-63CB79A4156E}.Debug|ARM.ActiveCfg = Debug|ARM
		{EE12009D-04FE-4FCC-B870-63CB79A4156E}.Debug|ARM.Build.0 = Debug|ARM
		{EE12009D-04FE-4FCC-B870-63CB79A4156E}.Debug|x86.ActiveCfg = Debug|x86
		{EE12009D-04FE-4FCC-B870-63CB79A4156E}.Debug|x86.Build.0 = Debug|x86
		{EE12009D-04FE-4FCC-B870-63CB79A4156E}.Release|Any CPU.ActiveCfg = Release|Any CPU
		{EE12009D-04FE-4FCC-B870-63CB79A4156E}.Release|Any CPU.Build.0 = Release|Any CPU
		{EE12009D-04FE-4FCC-B870-63CB79A4156E}.Release|ARM.ActiveCfg = Release|ARM
		{EE12009D-04FE-4FCC-B870-63CB79A4156E}.Release|ARM.Build.0 = Release|ARM
		{EE12009D-04FE-4FCC-B870-63CB79A4156E}.Release|x86.ActiveCfg = Release|x86
		{EE12009D-04FE-4FCC-B870-63CB79A4156E}.Release|x86.Build.0 = Release|x86
	EndGlobalSection
	GlobalSection(SolutionProperties) = preSolution
		HideSolutionNode = FALSE
	EndGlobalSection
EndGlobal
